// !$*UTF8*$!
{
	archiveVersion = 1;
	classes = {
	};
	objectVersion = 46;
	objects = {

/* Begin PBXBuildFile section */
		1A96C5891730D94A0046E4BB /* main.cpp in Sources */ = {isa = PBXBuildFile; fileRef = 1A96C5881730D94A0046E4BB /* main.cpp */; };
		1A96C58B1730D94A0046E4BB /* SideScrollerEB.1 in CopyFiles */ = {isa = PBXBuildFile; fileRef = 1A96C58A1730D94A0046E4BB /* SideScrollerEB.1 */; };
		1A96C5921730D9990046E4BB /* Cocoa.framework in Frameworks */ = {isa = PBXBuildFile; fileRef = 1A96C5911730D9990046E4BB /* Cocoa.framework */; };
		1A96C5941730D9A80046E4BB /* SDL.framework in Frameworks */ = {isa = PBXBuildFile; fileRef = 1A96C5931730D9A80046E4BB /* SDL.framework */; };
		1A96C5971730D9F80046E4BB /* SDLMain.m in Sources */ = {isa = PBXBuildFile; fileRef = 1A96C5961730D9F80046E4BB /* SDLMain.m */; };
/* End PBXBuildFile section */

/* Begin PBXCopyFilesBuildPhase section */
		1A96C5831730D94A0046E4BB /* CopyFiles */ = {
			isa = PBXCopyFilesBuildPhase;
			buildActionMask = 2147483647;
			dstPath = /usr/share/man/man1/;
			dstSubfolderSpec = 0;
			files = (
				1A96C58B1730D94A0046E4BB /* SideScrollerEB.1 in CopyFiles */,
			);
			runOnlyForDeploymentPostprocessing = 1;
		};
/* End PBXCopyFilesBuildPhase section */

/* Begin PBXFileReference section */
		1A96C5851730D94A0046E4BB /* SideScrollerEB */ = {isa = PBXFileReference; explicitFileType = "compiled.mach-o.executable"; includeInIndex = 0; path = SideScrollerEB; sourceTree = BUILT_PRODUCTS_DIR; };
		1A96C5881730D94A0046E4BB /* main.cpp */ = {isa = PBXFileReference; lastKnownFileType = sourcecode.cpp.cpp; path = main.cpp; sourceTree = "<group>"; };
		1A96C58A1730D94A0046E4BB /* SideScrollerEB.1 */ = {isa = PBXFileReference; lastKnownFileType = text.man; path = SideScrollerEB.1; sourceTree = "<group>"; };
		1A96C5911730D9990046E4BB /* Cocoa.framework */ = {isa = PBXFileReference; lastKnownFileType = wrapper.framework; name = Cocoa.framework; path = System/Library/Frameworks/Cocoa.framework; sourceTree = SDKROOT; };
		1A96C5931730D9A80046E4BB /* SDL.framework */ = {isa = PBXFileReference; lastKnownFileType = wrapper.framework; name = SDL.framework; path = ../../../../../Library/Frameworks/SDL.framework; sourceTree = "<group>"; };
		1A96C5951730D9F80046E4BB /* SDLMain.h */ = {isa = PBXFileReference; fileEncoding = 4; lastKnownFileType = sourcecode.c.h; path = SDLMain.h; sourceTree = "<group>"; };
		1A96C5961730D9F80046E4BB /* SDLMain.m */ = {isa = PBXFileReference; fileEncoding = 4; lastKnownFileType = sourcecode.c.objc; path = SDLMain.m; sourceTree = "<group>"; };
		1A96C5981730DD900046E4BB /* hello.bmp */ = {isa = PBXFileReference; lastKnownFileType = image.bmp; path = hello.bmp; sourceTree = "<group>"; };
/* End PBXFileReference section */

/* Begin PBXFrameworksBuildPhase section */
		1A96C5821730D94A0046E4BB /* Frameworks */ = {
			isa = PBXFrameworksBuildPhase;
			buildActionMask = 2147483647;
			files = (
				1A96C5941730D9A80046E4BB /* SDL.framework in Frameworks */,
				1A96C5921730D9990046E4BB /* Cocoa.framework in Frameworks */,
			);
			runOnlyForDeploymentPostprocessing = 0;
		};
/* End PBXFrameworksBuildPhase section */

/* Begin PBXGroup section */
		1A96C57C1730D94A0046E4BB = {
			isa = PBXGroup;
			children = (
				1A96C5931730D9A80046E4BB /* SDL.framework */,
				1A96C5911730D9990046E4BB /* Cocoa.framework */,
				1A96C5871730D94A0046E4BB /* SideScrollerEB */,
				1A96C5861730D94A0046E4BB /* Products */,
			);
			sourceTree = "<group>";
		};
		1A96C5861730D94A0046E4BB /* Products */ = {
			isa = PBXGroup;
			children = (
				1A96C5851730D94A0046E4BB /* SideScrollerEB */,
			);
			name = Products;
			sourceTree = "<group>";
		};
		1A96C5871730D94A0046E4BB /* SideScrollerEB */ = {
			isa = PBXGroup;
			children = (
				1A96C5881730D94A0046E4BB /* main.cpp */,
				1A96C58A1730D94A0046E4BB /* SideScrollerEB.1 */,
				1A96C5951730D9F80046E4BB /* SDLMain.h */,
				1A96C5961730D9F80046E4BB /* SDLMain.m */,
				1A96C5991730DD940046E4BB /* Images */,
			);
			path = SideScrollerEB;
			sourceTree = "<group>";
		};
		1A96C5991730DD940046E4BB /* Images */ = {
			isa = PBXGroup;
			children = (
				1A96C5981730DD900046E4BB /* hello.bmp */,
			);
			name = Images;
			sourceTree = "<group>";
		};
/* End PBXGroup section */

/* Begin PBXNativeTarget section */
		1A96C5841730D94A0046E4BB /* SideScrollerEB */ = {
			isa = PBXNativeTarget;
			buildConfigurationList = 1A96C58E1730D94A0046E4BB /* Build configuration list for PBXNativeTarget "SideScrollerEB" */;
			buildPhases = (
				1A96C5811730D94A0046E4BB /* Sources */,
				1A96C5821730D94A0046E4BB /* Frameworks */,
				1A96C5831730D94A0046E4BB /* CopyFiles */,
			);
			buildRules = (
			);
			dependencies = (
			);
			name = SideScrollerEB;
			productName = SideScrollerEB;
			productReference = 1A96C5851730D94A0046E4BB /* SideScrollerEB */;
			productType = "com.apple.product-type.tool";
		};
/* End PBXNativeTarget section */

/* Begin PBXProject section */
		1A96C57D1730D94A0046E4BB /* Project object */ = {
			isa = PBXProject;
			attributes = {
				LastUpgradeCheck = 0460;
				ORGANIZATIONNAME = "James Nguyen";
			};
			buildConfigurationList = 1A96C5801730D94A0046E4BB /* Build configuration list for PBXProject "SideScrollerEB" */;
			compatibilityVersion = "Xcode 3.2";
			developmentRegion = English;
			hasScannedForEncodings = 0;
			knownRegions = (
				en,
			);
			mainGroup = 1A96C57C1730D94A0046E4BB;
			productRefGroup = 1A96C5861730D94A0046E4BB /* Products */;
			projectDirPath = "";
			projectRoot = "";
			targets = (
				1A96C5841730D94A0046E4BB /* SideScrollerEB */,
			);
		};
/* End PBXProject section */

/* Begin PBXSourcesBuildPhase section */
		1A96C5811730D94A0046E4BB /* Sources */ = {
			isa = PBXSourcesBuildPhase;
			buildActionMask = 2147483647;
			files = (
				1A96C5891730D94A0046E4BB /* main.cpp in Sources */,
				1A96C5971730D9F80046E4BB /* SDLMain.m in Sources */,
			);
			runOnlyForDeploymentPostprocessing = 0;
		};
/* End PBXSourcesBuildPhase section */

/* Begin XCBuildConfiguration section */
		1A96C58C1730D94A0046E4BB /* Debug */ = {
			isa = XCBuildConfiguration;
			buildSettings = {
				ALWAYS_SEARCH_USER_PATHS = NO;
				ARCHS = "$(ARCHS_STANDARD_64_BIT)";
				CLANG_CXX_LANGUAGE_STANDARD = "gnu++0x";
				CLANG_CXX_LIBRARY = "libc++";
				CLANG_WARN_CONSTANT_CONVERSION = YES;
				CLANG_WARN_EMPTY_BODY = YES;
				CLANG_WARN_ENUM_CONVERSION = YES;
				CLANG_WARN_INT_CONVERSION = YES;
				CLANG_WARN__DUPLICATE_METHOD_MATCH = YES;
				COPY_PHASE_STRIP = NO;
				GCC_C_LANGUAGE_STANDARD = gnu99;
				GCC_DYNAMIC_NO_PIC = NO;
				GCC_ENABLE_OBJC_EXCEPTIONS = YES;
				GCC_OPTIMIZATION_LEVEL = 0;
				GCC_PREPROCESSOR_DEFINITIONS = (
					"DEBUG=1",
					"$(inherited)",
				);
				GCC_SYMBOLS_PRIVATE_EXTERN = NO;
				GCC_WARN_64_TO_32_BIT_CONVERSION = YES;
				GCC_WARN_ABOUT_RETURN_TYPE = YES;
				GCC_WARN_UNINITIALIZED_AUTOS = YES;
				GCC_WARN_UNUSED_VARIABLE = YES;
				MACOSX_DEPLOYMENT_TARGET = 10.8;
				ONLY_ACTIVE_ARCH = YES;
				SDKROOT = macosx;
			};
			name = Debug;
		};
		1A96C58D1730D94A0046E4BB /* Release */ = {
			isa = XCBuildConfiguration;
			buildSettings = {
				ALWAYS_SEARCH_USER_PATHS = NO;
				ARCHS = "$(ARCHS_STANDARD_64_BIT)";
				CLANG_CXX_LANGUAGE_STANDARD = "gnu++0x";
				CLANG_CXX_LIBRARY = "libc++";
				CLANG_WARN_CONSTANT_CONVERSION = YES;
				CLANG_WARN_EMPTY_BODY = YES;
				CLANG_WARN_ENUM_CONVERSION = YES;
				CLANG_WARN_INT_CONVERSION = YES;
				CLANG_WARN__DUPLICATE_METHOD_MATCH = YES;
				COPY_PHASE_STRIP = YES;
				DEBUG_INFORMATION_FORMAT = "dwarf-with-dsym";
				GCC_C_LANGUAGE_STANDARD = gnu99;
				GCC_ENABLE_OBJC_EXCEPTIONS = YES;
				GCC_WARN_64_TO_32_BIT_CONVERSION = YES;
				GCC_WARN_ABOUT_RETURN_TYPE = YES;
				GCC_WARN_UNINITIALIZED_AUTOS = YES;
				GCC_WARN_UNUSED_VARIABLE = YES;
				MACOSX_DEPLOYMENT_TARGET = 10.8;
				SDKROOT = macosx;
			};
			name = Release;
		};
		1A96C58F1730D94A0046E4BB /* Debug */ = {
			isa = XCBuildConfiguration;
			buildSettings = {
				FRAMEWORK_SEARCH_PATHS = /Library/Frameworks;
				HEADER_SEARCH_PATHS = /Library/Frameworks/SDL.framework/Headers;
				PRODUCT_NAME = "$(TARGET_NAME)";
			};
			name = Debug;
		};
		1A96C5901730D94A0046E4BB /* Release */ = {
			isa = XCBuildConfiguration;
			buildSettings = {
				FRAMEWORK_SEARCH_PATHS = /Library/Frameworks;
				HEADER_SEARCH_PATHS = /Library/Frameworks/SDL.framework/Headers;
				PRODUCT_NAME = "$(TARGET_NAME)";
			};
			name = Release;
		};
/* End XCBuildConfiguration section */

/* Begin XCConfigurationList section */
		1A96C5801730D94A0046E4BB /* Build configuration list for PBXProject "SideScrollerEB" */ = {
			isa = XCConfigurationList;
			buildConfigurations = (
				1A96C58C1730D94A0046E4BB /* Debug */,
				1A96C58D1730D94A0046E4BB /* Release */,
			);
			defaultConfigurationIsVisible = 0;
			defaultConfigurationName = Release;
		};
		1A96C58E1730D94A0046E4BB /* Build configuration list for PBXNativeTarget "SideScrollerEB" */ = {
			isa = XCConfigurationList;
			buildConfigurations = (
				1A96C58F1730D94A0046E4BB /* Debug */,
				1A96C5901730D94A0046E4BB /* Release */,
			);
			defaultConfigurationIsVisible = 0;
		};
/* End XCConfigurationList section */
	};
	rootObject = 1A96C57D1730D94A0046E4BB /* Project object */;
}
